
Microsoft Visual Studio Solution File, Format Version 12.00
# Visual Studio Version 17
VisualStudioVersion = 17.9.34728.123
MinimumVisualStudioVersion = 10.0.40219.1
Project("{9A19103F-16F7-4668-BE54-9A1E7A4F7556}") = "HelloWorld", "HelloWorld.csproj", "{22002E55-9D25-486F-9F49-BFF1B52D9FBF}"
EndProject
Global
	GlobalSection(SolutionConfigurationPlatforms) = preSolution
		Debug|Any CPU = Debug|Any CPU
		Release|Any CPU = Release|Any CPU
	EndGlobalSection
	GlobalSection(ProjectConfigurationPlatforms) = postSolution
		{22002E55-9D25-486F-9F49-BFF1B52D9FBF}.Debug|Any CPU.ActiveCfg = Debug|Any CPU
		{22002E55-9D25-486F-9F49-BFF1B52D9FBF}.Debug|Any CPU.Build.0 = Debug|Any CPU
		{22002E55-9D25-486F-9F49-BFF1B52D9FBF}.Release|Any CPU.ActiveCfg = Release|Any CPU
		{22002E55-9D25-486F-9F49-BFF1B52D9FBF}.Release|Any CPU.Build.0 = Release|Any CPU
	EndGlobalSection
	GlobalSection(SolutionProperties) = preSolution
		HideSolutionNode = FALSE
	EndGlobalSection
	GlobalSection(ExtensibilityGlobals) = postSolution
		SolutionGuid = {48EC9D31-2DD3-4261-841C-30F0905B2AF3}
	EndGlobalSection
EndGlobal
